
Microsoft Visual Studio Solution File, Format Version 12.00
# Visual Studio Version 17
VisualStudioVersion = 17.13.35931.197 d17.13
MinimumVisualStudioVersion = 10.0.40219.1
Project("{FAE04EC0-301F-11D3-BF4B-00C04F79EFBC}") = "Algorithms", "Algorithms\Algorithms.csproj", "{239B72AD-D6FD-4AD1-9C4A-35DA0CB782B2}"
EndProject
Global
	GlobalSection(SolutionConfigurationPlatforms) = preSolution
		Debug|Any CPU = Debug|Any CPU
		Release|Any CPU = Release|Any CPU
	EndGlobalSection
	GlobalSection(ProjectConfigurationPlatforms) = postSolution
		{239B72AD-D6FD-4AD1-9C4A-35DA0CB782B2}.Debug|Any CPU.ActiveCfg = Debug|Any CPU
		{239B72AD-D6FD-4AD1-9C4A-35DA0CB782B2}.Debug|Any CPU.Build.0 = Debug|Any CPU
		{239B72AD-D6FD-4AD1-9C4A-35DA0CB782B2}.Release|Any CPU.ActiveCfg = Release|Any CPU
		{239B72AD-D6FD-4AD1-9C4A-35DA0CB782B2}.Release|Any CPU.Build.0 = Release|Any CPU
	EndGlobalSection
	GlobalSection(SolutionProperties) = preSolution
		HideSolutionNode = FALSE
	EndGlobalSection
	GlobalSection(ExtensibilityGlobals) = postSolution
		SolutionGuid = {19BCD5AF-C69A-4E05-8A14-FE44EBB3E933}
	EndGlobalSection
EndGlobal
